
Microsoft Visual Studio Solution File, Format Version 12.00
# Visual Studio Version 16
VisualStudioVersion = 16.0.33801.447
MinimumVisualStudioVersion = 10.0.40219.1
Project("{FAE04EC0-301F-11D3-BF4B-00C04F79EFBC}") = "HW1", "HW1.csproj", "{ACD77047-012E-433A-890E-B9D4C628886D}"
EndProject
Global
	GlobalSection(SolutionConfigurationPlatforms) = preSolution
		Debug|Any CPU = Debug|Any CPU
		Release|Any CPU = Release|Any CPU
	EndGlobalSection
	GlobalSection(ProjectConfigurationPlatforms) = postSolution
		{ACD77047-012E-433A-890E-B9D4C628886D}.Debug|Any CPU.ActiveCfg = Debug|Any CPU
		{ACD77047-012E-433A-890E-B9D4C628886D}.Debug|Any CPU.Build.0 = Debug|Any CPU
		{ACD77047-012E-433A-890E-B9D4C628886D}.Release|Any CPU.ActiveCfg = Release|Any CPU
		{ACD77047-012E-433A-890E-B9D4C628886D}.Release|Any CPU.Build.0 = Release|Any CPU
	EndGlobalSection
	GlobalSection(SolutionProperties) = preSolution
		HideSolutionNode = FALSE
	EndGlobalSection
	GlobalSection(ExtensibilityGlobals) = postSolution
		SolutionGuid = {1B97A306-9D90-42C0-B652-66F97687FC32}
	EndGlobalSection
EndGlobal
