
Microsoft Visual Studio Solution File, Format Version 12.00
# Visual Studio Version 16
VisualStudioVersion = 16.0.33801.447
MinimumVisualStudioVersion = 10.0.40219.1
Project("{FAE04EC0-301F-11D3-BF4B-00C04F79EFBC}") = "TicTacToe", "TicTacToe.csproj", "{042D9935-9093-4CE8-8B2D-655666375491}"
EndProject
Global
	GlobalSection(SolutionConfigurationPlatforms) = preSolution
		Debug|Any CPU = Debug|Any CPU
		Release|Any CPU = Release|Any CPU
	EndGlobalSection
	GlobalSection(ProjectConfigurationPlatforms) = postSolution
		{042D9935-9093-4CE8-8B2D-655666375491}.Debug|Any CPU.ActiveCfg = Debug|Any CPU
		{042D9935-9093-4CE8-8B2D-655666375491}.Debug|Any CPU.Build.0 = Debug|Any CPU
		{042D9935-9093-4CE8-8B2D-655666375491}.Release|Any CPU.ActiveCfg = Release|Any CPU
		{042D9935-9093-4CE8-8B2D-655666375491}.Release|Any CPU.Build.0 = Release|Any CPU
	EndGlobalSection
	GlobalSection(SolutionProperties) = preSolution
		HideSolutionNode = FALSE
	EndGlobalSection
	GlobalSection(ExtensibilityGlobals) = postSolution
		SolutionGuid = {5182E604-ACF3-4B78-AC0C-3889530F2C0F}
	EndGlobalSection
EndGlobal
